// !$*UTF8*$!
{
	archiveVersion = 1;
	classes = {
	};
	objectVersion = 56;
	objects = {

/* Begin PBXBuildFile section */
		50871AD52A3B50100036902D /* Login1ViewController.swift in Sources */ = {isa = PBXBuildFile; fileRef = 50871AD42A3B50100036902D /* Login1ViewController.swift */; };
		50E4BCDB2A38820F0055E100 /* AppDelegate.swift in Sources */ = {isa = PBXBuildFile; fileRef = 50E4BCDA2A38820F0055E100 /* AppDelegate.swift */; };
		50E4BCDD2A38820F0055E100 /* SceneDelegate.swift in Sources */ = {isa = PBXBuildFile; fileRef = 50E4BCDC2A38820F0055E100 /* SceneDelegate.swift */; };
		50E4BCDF2A38820F0055E100 /* ViewController.swift in Sources */ = {isa = PBXBuildFile; fileRef = 50E4BCDE2A38820F0055E100 /* ViewController.swift */; };
		50E4BCE22A38820F0055E100 /* Main.storyboard in Resources */ = {isa = PBXBuildFile; fileRef = 50E4BCE02A38820F0055E100 /* Main.storyboard */; };
		50E4BCE52A38820F0055E100 /* Picha.xcdatamodeld in Sources */ = {isa = PBXBuildFile; fileRef = 50E4BCE32A38820F0055E100 /* Picha.xcdatamodeld */; };
		50E4BCE72A3882130055E100 /* Assets.xcassets in Resources */ = {isa = PBXBuildFile; fileRef = 50E4BCE62A3882130055E100 /* Assets.xcassets */; };
		50E4BCEA2A3882130055E100 /* LaunchScreen.storyboard in Resources */ = {isa = PBXBuildFile; fileRef = 50E4BCE82A3882130055E100 /* LaunchScreen.storyboard */; };
		50E4BCF52A3882130055E100 /* PichaTests.swift in Sources */ = {isa = PBXBuildFile; fileRef = 50E4BCF42A3882130055E100 /* PichaTests.swift */; };
		50E4BCFF2A3882130055E100 /* PichaUITests.swift in Sources */ = {isa = PBXBuildFile; fileRef = 50E4BCFE2A3882130055E100 /* PichaUITests.swift */; };
		50E4BD012A3882140055E100 /* PichaUITestsLaunchTests.swift in Sources */ = {isa = PBXBuildFile; fileRef = 50E4BD002A3882140055E100 /* PichaUITestsLaunchTests.swift */; };
		50E4BD102A3889710055E100 /* CollectionView.swift in Sources */ = {isa = PBXBuildFile; fileRef = 50E4BD0F2A3889710055E100 /* CollectionView.swift */; };
		50E4BD1C2A38A1700055E100 /* CustomCollectionViewCell.swift in Sources */ = {isa = PBXBuildFile; fileRef = 50E4BD1B2A38A1700055E100 /* CustomCollectionViewCell.swift */; };
		50E4BD612A399D840055E100 /* picha_response.json in Resources */ = {isa = PBXBuildFile; fileRef = 50E4BD602A399D840055E100 /* picha_response.json */; };
		50E4BD632A399E8A0055E100 /* PichaModel.swift in Sources */ = {isa = PBXBuildFile; fileRef = 50E4BD622A399E8A0055E100 /* PichaModel.swift */; };
		50E4BD652A39A03B0055E100 /* Utils.swift in Sources */ = {isa = PBXBuildFile; fileRef = 50E4BD642A39A03B0055E100 /* Utils.swift */; };
		8573AD24AD11487C2BC1F2EE /* Pods_Picha_PichaUITests.framework in Frameworks */ = {isa = PBXBuildFile; fileRef = 7258ADD9530960B55E55F716 /* Pods_Picha_PichaUITests.framework */; };
		968F5C46D5A97E1233F9CB98 /* Pods_PichaTests.framework in Frameworks */ = {isa = PBXBuildFile; fileRef = 524D9ED8500FF7CA734A036F /* Pods_PichaTests.framework */; };
		B1FAA95D08EE92FA6C973D24 /* Pods_Picha.framework in Frameworks */ = {isa = PBXBuildFile; fileRef = C21A41DAD181B5145DC8E805 /* Pods_Picha.framework */; };
/* End PBXBuildFile section */

/* Begin PBXContainerItemProxy section */
		50E4BCF12A3882130055E100 /* PBXContainerItemProxy */ = {
			isa = PBXContainerItemProxy;
			containerPortal = 50E4BCCF2A38820F0055E100 /* Project object */;
			proxyType = 1;
			remoteGlobalIDString = 50E4BCD62A38820F0055E100;
			remoteInfo = Picha;
		};
		50E4BCFB2A3882130055E100 /* PBXContainerItemProxy */ = {
			isa = PBXContainerItemProxy;
			containerPortal = 50E4BCCF2A38820F0055E100 /* Project object */;
			proxyType = 1;
			remoteGlobalIDString = 50E4BCD62A38820F0055E100;
			remoteInfo = Picha;
		};
/* End PBXContainerItemProxy section */

/* Begin PBXFileReference section */
		0CCF3DD900BA31B7C0362D0C /* Pods-Picha-PichaUITests.release.xcconfig */ = {isa = PBXFileReference; includeInIndex = 1; lastKnownFileType = text.xcconfig; name = "Pods-Picha-PichaUITests.release.xcconfig"; path = "Target Support Files/Pods-Picha-PichaUITests/Pods-Picha-PichaUITests.release.xcconfig"; sourceTree = "<group>"; };
		1D98FC682756016EA2A2C5CA /* Pods-Picha.debug.xcconfig */ = {isa = PBXFileReference; includeInIndex = 1; lastKnownFileType = text.xcconfig; name = "Pods-Picha.debug.xcconfig"; path = "Target Support Files/Pods-Picha/Pods-Picha.debug.xcconfig"; sourceTree = "<group>"; };
		1F4CD3AECFC906F833B31FB8 /* Pods-Picha.release.xcconfig */ = {isa = PBXFileReference; includeInIndex = 1; lastKnownFileType = text.xcconfig; name = "Pods-Picha.release.xcconfig"; path = "Target Support Files/Pods-Picha/Pods-Picha.release.xcconfig"; sourceTree = "<group>"; };
		50871AD42A3B50100036902D /* Login1ViewController.swift */ = {isa = PBXFileReference; lastKnownFileType = sourcecode.swift; path = Login1ViewController.swift; sourceTree = "<group>"; };
		50E4BCD72A38820F0055E100 /* Picha.app */ = {isa = PBXFileReference; explicitFileType = wrapper.application; includeInIndex = 0; path = Picha.app; sourceTree = BUILT_PRODUCTS_DIR; };
		50E4BCDA2A38820F0055E100 /* AppDelegate.swift */ = {isa = PBXFileReference; lastKnownFileType = sourcecode.swift; path = AppDelegate.swift; sourceTree = "<group>"; };
		50E4BCDC2A38820F0055E100 /* SceneDelegate.swift */ = {isa = PBXFileReference; lastKnownFileType = sourcecode.swift; path = SceneDelegate.swift; sourceTree = "<group>"; };
		50E4BCDE2A38820F0055E100 /* ViewController.swift */ = {isa = PBXFileReference; lastKnownFileType = sourcecode.swift; path = ViewController.swift; sourceTree = "<group>"; };
		50E4BCE12A38820F0055E100 /* Base */ = {isa = PBXFileReference; lastKnownFileType = file.storyboard; name = Base; path = Base.lproj/Main.storyboard; sourceTree = "<group>"; };
		50E4BCE42A38820F0055E100 /* Picha.xcdatamodel */ = {isa = PBXFileReference; lastKnownFileType = wrapper.xcdatamodel; path = Picha.xcdatamodel; sourceTree = "<group>"; };
		50E4BCE62A3882130055E100 /* Assets.xcassets */ = {isa = PBXFileReference; lastKnownFileType = folder.assetcatalog; path = Assets.xcassets; sourceTree = "<group>"; };
		50E4BCE92A3882130055E100 /* Base */ = {isa = PBXFileReference; lastKnownFileType = file.storyboard; name = Base; path = Base.lproj/LaunchScreen.storyboard; sourceTree = "<group>"; };
		50E4BCEB2A3882130055E100 /* Info.plist */ = {isa = PBXFileReference; lastKnownFileType = text.plist.xml; path = Info.plist; sourceTree = "<group>"; };
		50E4BCF02A3882130055E100 /* PichaTests.xctest */ = {isa = PBXFileReference; explicitFileType = wrapper.cfbundle; includeInIndex = 0; path = PichaTests.xctest; sourceTree = BUILT_PRODUCTS_DIR; };
		50E4BCF42A3882130055E100 /* PichaTests.swift */ = {isa = PBXFileReference; lastKnownFileType = sourcecode.swift; path = PichaTests.swift; sourceTree = "<group>"; };
		50E4BCFA2A3882130055E100 /* PichaUITests.xctest */ = {isa = PBXFileReference; explicitFileType = wrapper.cfbundle; includeInIndex = 0; path = PichaUITests.xctest; sourceTree = BUILT_PRODUCTS_DIR; };
		50E4BCFE2A3882130055E100 /* PichaUITests.swift */ = {isa = PBXFileReference; lastKnownFileType = sourcecode.swift; path = PichaUITests.swift; sourceTree = "<group>"; };
		50E4BD002A3882140055E100 /* PichaUITestsLaunchTests.swift */ = {isa = PBXFileReference; lastKnownFileType = sourcecode.swift; path = PichaUITestsLaunchTests.swift; sourceTree = "<group>"; };
		50E4BD0F2A3889710055E100 /* CollectionView.swift */ = {isa = PBXFileReference; lastKnownFileType = sourcecode.swift; path = CollectionView.swift; sourceTree = "<group>"; };
		50E4BD1B2A38A1700055E100 /* CustomCollectionViewCell.swift */ = {isa = PBXFileReference; lastKnownFileType = sourcecode.swift; path = CustomCollectionViewCell.swift; sourceTree = "<group>"; };
		50E4BD602A399D840055E100 /* picha_response.json */ = {isa = PBXFileReference; fileEncoding = 4; lastKnownFileType = text.json; path = picha_response.json; sourceTree = "<group>"; };
		50E4BD622A399E8A0055E100 /* PichaModel.swift */ = {isa = PBXFileReference; lastKnownFileType = sourcecode.swift; path = PichaModel.swift; sourceTree = "<group>"; };
		50E4BD642A39A03B0055E100 /* Utils.swift */ = {isa = PBXFileReference; lastKnownFileType = sourcecode.swift; path = Utils.swift; sourceTree = "<group>"; };
		524D9ED8500FF7CA734A036F /* Pods_PichaTests.framework */ = {isa = PBXFileReference; explicitFileType = wrapper.framework; includeInIndex = 0; path = Pods_PichaTests.framework; sourceTree = BUILT_PRODUCTS_DIR; };
		6ED600E278C6FF4342F6D2E4 /* Pods-PichaTests.debug.xcconfig */ = {isa = PBXFileReference; includeInIndex = 1; lastKnownFileType = text.xcconfig; name = "Pods-PichaTests.debug.xcconfig"; path = "Target Support Files/Pods-PichaTests/Pods-PichaTests.debug.xcconfig"; sourceTree = "<group>"; };
		7258ADD9530960B55E55F716 /* Pods_Picha_PichaUITests.framework */ = {isa = PBXFileReference; explicitFileType = wrapper.framework; includeInIndex = 0; path = Pods_Picha_PichaUITests.framework; sourceTree = BUILT_PRODUCTS_DIR; };
		727A9AE083528B9D8B888F72 /* Pods-PichaTests.release.xcconfig */ = {isa = PBXFileReference; includeInIndex = 1; lastKnownFileType = text.xcconfig; name = "Pods-PichaTests.release.xcconfig"; path = "Target Support Files/Pods-PichaTests/Pods-PichaTests.release.xcconfig"; sourceTree = "<group>"; };
		85E48AB70052A3310D606EBF /* Pods-Picha-PichaUITests.debug.xcconfig */ = {isa = PBXFileReference; includeInIndex = 1; lastKnownFileType = text.xcconfig; name = "Pods-Picha-PichaUITests.debug.xcconfig"; path = "Target Support Files/Pods-Picha-PichaUITests/Pods-Picha-PichaUITests.debug.xcconfig"; sourceTree = "<group>"; };
		C21A41DAD181B5145DC8E805 /* Pods_Picha.framework */ = {isa = PBXFileReference; explicitFileType = wrapper.framework; includeInIndex = 0; path = Pods_Picha.framework; sourceTree = BUILT_PRODUCTS_DIR; };
/* End PBXFileReference section */

/* Begin PBXFrameworksBuildPhase section */
		50E4BCD42A38820F0055E100 /* Frameworks */ = {
			isa = PBXFrameworksBuildPhase;
			buildActionMask = 2147483647;
			files = (
				B1FAA95D08EE92FA6C973D24 /* Pods_Picha.framework in Frameworks */,
			);
			runOnlyForDeploymentPostprocessing = 0;
		};
		50E4BCED2A3882130055E100 /* Frameworks */ = {
			isa = PBXFrameworksBuildPhase;
			buildActionMask = 2147483647;
			files = (
				968F5C46D5A97E1233F9CB98 /* Pods_PichaTests.framework in Frameworks */,
			);
			runOnlyForDeploymentPostprocessing = 0;
		};
		50E4BCF72A3882130055E100 /* Frameworks */ = {
			isa = PBXFrameworksBuildPhase;
			buildActionMask = 2147483647;
			files = (
				8573AD24AD11487C2BC1F2EE /* Pods_Picha_PichaUITests.framework in Frameworks */,
			);
			runOnlyForDeploymentPostprocessing = 0;
		};
/* End PBXFrameworksBuildPhase section */

/* Begin PBXGroup section */
		50E4BCCE2A38820F0055E100 = {
			isa = PBXGroup;
			children = (
				50E4BCD92A38820F0055E100 /* Picha */,
				50E4BCF32A3882130055E100 /* PichaTests */,
				50E4BCFD2A3882130055E100 /* PichaUITests */,
				50E4BCD82A38820F0055E100 /* Products */,
				AE2D89986C9D102B5C5C0301 /* Pods */,
				EB112218E2FAF7270A28D309 /* Frameworks */,
			);
			sourceTree = "<group>";
		};
		50E4BCD82A38820F0055E100 /* Products */ = {
			isa = PBXGroup;
			children = (
				50E4BCD72A38820F0055E100 /* Picha.app */,
				50E4BCF02A3882130055E100 /* PichaTests.xctest */,
				50E4BCFA2A3882130055E100 /* PichaUITests.xctest */,
			);
			name = Products;
			sourceTree = "<group>";
		};
		50E4BCD92A38820F0055E100 /* Picha */ = {
			isa = PBXGroup;
			children = (
				50E4BD5E2A399CA40055E100 /* Model */,
				50E4BCDA2A38820F0055E100 /* AppDelegate.swift */,
				50E4BCDC2A38820F0055E100 /* SceneDelegate.swift */,
				50E4BCDE2A38820F0055E100 /* ViewController.swift */,
				50E4BCE02A38820F0055E100 /* Main.storyboard */,
				50871AD42A3B50100036902D /* Login1ViewController.swift */,
				50E4BD1B2A38A1700055E100 /* CustomCollectionViewCell.swift */,
				50E4BD0F2A3889710055E100 /* CollectionView.swift */,
				50E4BCE62A3882130055E100 /* Assets.xcassets */,
				50E4BCE82A3882130055E100 /* LaunchScreen.storyboard */,
				50E4BCEB2A3882130055E100 /* Info.plist */,
				50E4BCE32A38820F0055E100 /* Picha.xcdatamodeld */,
			);
			path = Picha;
			sourceTree = "<group>";
		};
		50E4BCF32A3882130055E100 /* PichaTests */ = {
			isa = PBXGroup;
			children = (
				50E4BCF42A3882130055E100 /* PichaTests.swift */,
			);
			path = PichaTests;
			sourceTree = "<group>";
		};
		50E4BCFD2A3882130055E100 /* PichaUITests */ = {
			isa = PBXGroup;
			children = (
				50E4BCFE2A3882130055E100 /* PichaUITests.swift */,
				50E4BD002A3882140055E100 /* PichaUITestsLaunchTests.swift */,
			);
			path = PichaUITests;
			sourceTree = "<group>";
		};
		50E4BD5E2A399CA40055E100 /* Model */ = {
			isa = PBXGroup;
			children = (
				50E4BD5F2A399D020055E100 /* MockData */,
				50E4BD622A399E8A0055E100 /* PichaModel.swift */,
				50E4BD642A39A03B0055E100 /* Utils.swift */,
			);
			path = Model;
			sourceTree = "<group>";
		};
		50E4BD5F2A399D020055E100 /* MockData */ = {
			isa = PBXGroup;
			children = (
				50E4BD602A399D840055E100 /* picha_response.json */,
			);
			path = MockData;
			sourceTree = "<group>";
		};
		AE2D89986C9D102B5C5C0301 /* Pods */ = {
			isa = PBXGroup;
			children = (
				1D98FC682756016EA2A2C5CA /* Pods-Picha.debug.xcconfig */,
				1F4CD3AECFC906F833B31FB8 /* Pods-Picha.release.xcconfig */,
				85E48AB70052A3310D606EBF /* Pods-Picha-PichaUITests.debug.xcconfig */,
				0CCF3DD900BA31B7C0362D0C /* Pods-Picha-PichaUITests.release.xcconfig */,
				6ED600E278C6FF4342F6D2E4 /* Pods-PichaTests.debug.xcconfig */,
				727A9AE083528B9D8B888F72 /* Pods-PichaTests.release.xcconfig */,
			);
			path = Pods;
			sourceTree = "<group>";
		};
		EB112218E2FAF7270A28D309 /* Frameworks */ = {
			isa = PBXGroup;
			children = (
				C21A41DAD181B5145DC8E805 /* Pods_Picha.framework */,
				7258ADD9530960B55E55F716 /* Pods_Picha_PichaUITests.framework */,
				524D9ED8500FF7CA734A036F /* Pods_PichaTests.framework */,
			);
			name = Frameworks;
			sourceTree = "<group>";
		};
/* End PBXGroup section */

/* Begin PBXNativeTarget section */
		50E4BCD62A38820F0055E100 /* Picha */ = {
			isa = PBXNativeTarget;
			buildConfigurationList = 50E4BD042A3882140055E100 /* Build configuration list for PBXNativeTarget "Picha" */;
			buildPhases = (
				B98FDF40DDCC301B925E09F3 /* [CP] Check Pods Manifest.lock */,
				50E4BCD32A38820F0055E100 /* Sources */,
				50E4BCD42A38820F0055E100 /* Frameworks */,
				50E4BCD52A38820F0055E100 /* Resources */,
				2BF89A62152BDA6E719350FD /* [CP] Embed Pods Frameworks */,
			);
			buildRules = (
			);
			dependencies = (
			);
			name = Picha;
			productName = Picha;
			productReference = 50E4BCD72A38820F0055E100 /* Picha.app */;
			productType = "com.apple.product-type.application";
		};
		50E4BCEF2A3882130055E100 /* PichaTests */ = {
			isa = PBXNativeTarget;
			buildConfigurationList = 50E4BD072A3882140055E100 /* Build configuration list for PBXNativeTarget "PichaTests" */;
			buildPhases = (
				AF6A04DBC8ABF3A1E96E008A /* [CP] Check Pods Manifest.lock */,
				50E4BCEC2A3882130055E100 /* Sources */,
				50E4BCED2A3882130055E100 /* Frameworks */,
				50E4BCEE2A3882130055E100 /* Resources */,
			);
			buildRules = (
			);
			dependencies = (
				50E4BCF22A3882130055E100 /* PBXTargetDependency */,
			);
			name = PichaTests;
			productName = PichaTests;
			productReference = 50E4BCF02A3882130055E100 /* PichaTests.xctest */;
			productType = "com.apple.product-type.bundle.unit-test";
		};
		50E4BCF92A3882130055E100 /* PichaUITests */ = {
			isa = PBXNativeTarget;
			buildConfigurationList = 50E4BD0A2A3882140055E100 /* Build configuration list for PBXNativeTarget "PichaUITests" */;
			buildPhases = (
				7775C959A87F4A21144813C0 /* [CP] Check Pods Manifest.lock */,
				50E4BCF62A3882130055E100 /* Sources */,
				50E4BCF72A3882130055E100 /* Frameworks */,
				50E4BCF82A3882130055E100 /* Resources */,
				7547E3A6C3E521575BFB924D /* [CP] Embed Pods Frameworks */,
			);
			buildRules = (
			);
			dependencies = (
				50E4BCFC2A3882130055E100 /* PBXTargetDependency */,
			);
			name = PichaUITests;
			productName = PichaUITests;
			productReference = 50E4BCFA2A3882130055E100 /* PichaUITests.xctest */;
			productType = "com.apple.product-type.bundle.ui-testing";
		};
/* End PBXNativeTarget section */

/* Begin PBXProject section */
		50E4BCCF2A38820F0055E100 /* Project object */ = {
			isa = PBXProject;
			attributes = {
				BuildIndependentTargetsInParallel = 1;
				LastSwiftUpdateCheck = 1400;
				LastUpgradeCheck = 1400;
				TargetAttributes = {
					50E4BCD62A38820F0055E100 = {
						CreatedOnToolsVersion = 14.0.1;
					};
					50E4BCEF2A3882130055E100 = {
						CreatedOnToolsVersion = 14.0.1;
						TestTargetID = 50E4BCD62A38820F0055E100;
					};
					50E4BCF92A3882130055E100 = {
						CreatedOnToolsVersion = 14.0.1;
						TestTargetID = 50E4BCD62A38820F0055E100;
					};
				};
			};
			buildConfigurationList = 50E4BCD22A38820F0055E100 /* Build configuration list for PBXProject "Picha" */;
			compatibilityVersion = "Xcode 14.0";
			developmentRegion = en;
			hasScannedForEncodings = 0;
			knownRegions = (
				en,
				Base,
			);
			mainGroup = 50E4BCCE2A38820F0055E100;
			productRefGroup = 50E4BCD82A38820F0055E100 /* Products */;
			projectDirPath = "";
			projectRoot = "";
			targets = (
				50E4BCD62A38820F0055E100 /* Picha */,
				50E4BCEF2A3882130055E100 /* PichaTests */,
				50E4BCF92A3882130055E100 /* PichaUITests */,
			);
		};
/* End PBXProject section */

/* Begin PBXResourcesBuildPhase section */
		50E4BCD52A38820F0055E100 /* Resources */ = {
			isa = PBXResourcesBuildPhase;
			buildActionMask = 2147483647;
			files = (
				50E4BCEA2A3882130055E100 /* LaunchScreen.storyboard in Resources */,
				50E4BCE72A3882130055E100 /* Assets.xcassets in Resources */,
				50E4BD612A399D840055E100 /* picha_response.json in Resources */,
				50E4BCE22A38820F0055E100 /* Main.storyboard in Resources */,
			);
			runOnlyForDeploymentPostprocessing = 0;
		};
		50E4BCEE2A3882130055E100 /* Resources */ = {
			isa = PBXResourcesBuildPhase;
			buildActionMask = 2147483647;
			files = (
			);
			runOnlyForDeploymentPostprocessing = 0;
		};
		50E4BCF82A3882130055E100 /* Resources */ = {
			isa = PBXResourcesBuildPhase;
			buildActionMask = 2147483647;
			files = (
			);
			runOnlyForDeploymentPostprocessing = 0;
		};
/* End PBXResourcesBuildPhase section */

/* Begin PBXShellScriptBuildPhase section */
		2BF89A62152BDA6E719350FD /* [CP] Embed Pods Frameworks */ = {
			isa = PBXShellScriptBuildPhase;
			buildActionMask = 2147483647;
			files = (
			);
			inputFileListPaths = (
				"${PODS_ROOT}/Target Support Files/Pods-Picha/Pods-Picha-frameworks-${CONFIGURATION}-input-files.xcfilelist",
			);
			name = "[CP] Embed Pods Frameworks";
			outputFileListPaths = (
				"${PODS_ROOT}/Target Support Files/Pods-Picha/Pods-Picha-frameworks-${CONFIGURATION}-output-files.xcfilelist",
			);
			runOnlyForDeploymentPostprocessing = 0;
			shellPath = /bin/sh;
			shellScript = "\"${PODS_ROOT}/Target Support Files/Pods-Picha/Pods-Picha-frameworks.sh\"\n";
			showEnvVarsInLog = 0;
		};
		7547E3A6C3E521575BFB924D /* [CP] Embed Pods Frameworks */ = {
			isa = PBXShellScriptBuildPhase;
			buildActionMask = 2147483647;
			files = (
			);
			inputFileListPaths = (
				"${PODS_ROOT}/Target Support Files/Pods-Picha-PichaUITests/Pods-Picha-PichaUITests-frameworks-${CONFIGURATION}-input-files.xcfilelist",
			);
			name = "[CP] Embed Pods Frameworks";
			outputFileListPaths = (
				"${PODS_ROOT}/Target Support Files/Pods-Picha-PichaUITests/Pods-Picha-PichaUITests-frameworks-${CONFIGURATION}-output-files.xcfilelist",
			);
			runOnlyForDeploymentPostprocessing = 0;
			shellPath = /bin/sh;
			shellScript = "\"${PODS_ROOT}/Target Support Files/Pods-Picha-PichaUITests/Pods-Picha-PichaUITests-frameworks.sh\"\n";
			showEnvVarsInLog = 0;
		};
		7775C959A87F4A21144813C0 /* [CP] Check Pods Manifest.lock */ = {
			isa = PBXShellScriptBuildPhase;
			buildActionMask = 2147483647;
			files = (
			);
			inputFileListPaths = (
			);
			inputPaths = (
				"${PODS_PODFILE_DIR_PATH}/Podfile.lock",
				"${PODS_ROOT}/Manifest.lock",
			);
			name = "[CP] Check Pods Manifest.lock";
			outputFileListPaths = (
			);
			outputPaths = (
				"$(DERIVED_FILE_DIR)/Pods-Picha-PichaUITests-checkManifestLockResult.txt",
			);
			runOnlyForDeploymentPostprocessing = 0;
			shellPath = /bin/sh;
			shellScript = "diff \"${PODS_PODFILE_DIR_PATH}/Podfile.lock\" \"${PODS_ROOT}/Manifest.lock\" > /dev/null\nif [ $? != 0 ] ; then\n    # print error to STDERR\n    echo \"error: The sandbox is not in sync with the Podfile.lock. Run 'pod install' or update your CocoaPods installation.\" >&2\n    exit 1\nfi\n# This output is used by Xcode 'outputs' to avoid re-running this script phase.\necho \"SUCCESS\" > \"${SCRIPT_OUTPUT_FILE_0}\"\n";
			showEnvVarsInLog = 0;
		};
		AF6A04DBC8ABF3A1E96E008A /* [CP] Check Pods Manifest.lock */ = {
			isa = PBXShellScriptBuildPhase;
			buildActionMask = 2147483647;
			files = (
			);
			inputFileListPaths = (
			);
			inputPaths = (
				"${PODS_PODFILE_DIR_PATH}/Podfile.lock",
				"${PODS_ROOT}/Manifest.lock",
			);
			name = "[CP] Check Pods Manifest.lock";
			outputFileListPaths = (
			);
			outputPaths = (
				"$(DERIVED_FILE_DIR)/Pods-PichaTests-checkManifestLockResult.txt",
			);
			runOnlyForDeploymentPostprocessing = 0;
			shellPath = /bin/sh;
			shellScript = "diff \"${PODS_PODFILE_DIR_PATH}/Podfile.lock\" \"${PODS_ROOT}/Manifest.lock\" > /dev/null\nif [ $? != 0 ] ; then\n    # print error to STDERR\n    echo \"error: The sandbox is not in sync with the Podfile.lock. Run 'pod install' or update your CocoaPods installation.\" >&2\n    exit 1\nfi\n# This output is used by Xcode 'outputs' to avoid re-running this script phase.\necho \"SUCCESS\" > \"${SCRIPT_OUTPUT_FILE_0}\"\n";
			showEnvVarsInLog = 0;
		};
		B98FDF40DDCC301B925E09F3 /* [CP] Check Pods Manifest.lock */ = {
			isa = PBXShellScriptBuildPhase;
			buildActionMask = 2147483647;
			files = (
			);
			inputFileListPaths = (
			);
			inputPaths = (
				"${PODS_PODFILE_DIR_PATH}/Podfile.lock",
				"${PODS_ROOT}/Manifest.lock",
			);
			name = "[CP] Check Pods Manifest.lock";
			outputFileListPaths = (
			);
			outputPaths = (
				"$(DERIVED_FILE_DIR)/Pods-Picha-checkManifestLockResult.txt",
			);
			runOnlyForDeploymentPostprocessing = 0;
			shellPath = /bin/sh;
			shellScript = "diff \"${PODS_PODFILE_DIR_PATH}/Podfile.lock\" \"${PODS_ROOT}/Manifest.lock\" > /dev/null\nif [ $? != 0 ] ; then\n    # print error to STDERR\n    echo \"error: The sandbox is not in sync with the Podfile.lock. Run 'pod install' or update your CocoaPods installation.\" >&2\n    exit 1\nfi\n# This output is used by Xcode 'outputs' to avoid re-running this script phase.\necho \"SUCCESS\" > \"${SCRIPT_OUTPUT_FILE_0}\"\n";
			showEnvVarsInLog = 0;
		};
/* End PBXShellScriptBuildPhase section */

/* Begin PBXSourcesBuildPhase section */
		50E4BCD32A38820F0055E100 /* Sources */ = {
			isa = PBXSourcesBuildPhase;
			buildActionMask = 2147483647;
			files = (
				50E4BCDF2A38820F0055E100 /* ViewController.swift in Sources */,
				50E4BD1C2A38A1700055E100 /* CustomCollectionViewCell.swift in Sources */,
				50E4BD102A3889710055E100 /* CollectionView.swift in Sources */,
				50E4BD632A399E8A0055E100 /* PichaModel.swift in Sources */,
				50E4BCDB2A38820F0055E100 /* AppDelegate.swift in Sources */,
				50E4BCDD2A38820F0055E100 /* SceneDelegate.swift in Sources */,
				50E4BCE52A38820F0055E100 /* Picha.xcdatamodeld in Sources */,
				50871AD52A3B50100036902D /* Login1ViewController.swift in Sources */,
				50E4BD652A39A03B0055E100 /* Utils.swift in Sources */,
			);
			runOnlyForDeploymentPostprocessing = 0;
		};
		50E4BCEC2A3882130055E100 /* Sources */ = {
			isa = PBXSourcesBuildPhase;
			buildActionMask = 2147483647;
			files = (
				50E4BCF52A3882130055E100 /* PichaTests.swift in Sources */,
			);
			runOnlyForDeploymentPostprocessing = 0;
		};
		50E4BCF62A3882130055E100 /* Sources */ = {
			isa = PBXSourcesBuildPhase;
			buildActionMask = 2147483647;
			files = (
				50E4BD012A3882140055E100 /* PichaUITestsLaunchTests.swift in Sources */,
				50E4BCFF2A3882130055E100 /* PichaUITests.swift in Sources */,
			);
			runOnlyForDeploymentPostprocessing = 0;
		};
/* End PBXSourcesBuildPhase section */

/* Begin PBXTargetDependency section */
		50E4BCF22A3882130055E100 /* PBXTargetDependency */ = {
			isa = PBXTargetDependency;
			target = 50E4BCD62A38820F0055E100 /* Picha */;
			targetProxy = 50E4BCF12A3882130055E100 /* PBXContainerItemProxy */;
		};
		50E4BCFC2A3882130055E100 /* PBXTargetDependency */ = {
			isa = PBXTargetDependency;
			target = 50E4BCD62A38820F0055E100 /* Picha */;
			targetProxy = 50E4BCFB2A3882130055E100 /* PBXContainerItemProxy */;
		};
/* End PBXTargetDependency section */

/* Begin PBXVariantGroup section */
		50E4BCE02A38820F0055E100 /* Main.storyboard */ = {
			isa = PBXVariantGroup;
			children = (
				50E4BCE12A38820F0055E100 /* Base */,
			);
			name = Main.storyboard;
			sourceTree = "<group>";
		};
		50E4BCE82A3882130055E100 /* LaunchScreen.storyboard */ = {
			isa = PBXVariantGroup;
			children = (
				50E4BCE92A3882130055E100 /* Base */,
			);
			name = LaunchScreen.storyboard;
			sourceTree = "<group>";
		};
/* End PBXVariantGroup section */

/* Begin XCBuildConfiguration section */
		50E4BD022A3882140055E100 /* Debug */ = {
			isa = XCBuildConfiguration;
			buildSettings = {
				ALWAYS_SEARCH_USER_PATHS = NO;
				CLANG_ANALYZER_NONNULL = YES;
				CLANG_ANALYZER_NUMBER_OBJECT_CONVERSION = YES_AGGRESSIVE;
				CLANG_CXX_LANGUAGE_STANDARD = "gnu++20";
				CLANG_ENABLE_MODULES = YES;
				CLANG_ENABLE_OBJC_ARC = YES;
				CLANG_ENABLE_OBJC_WEAK = YES;
				CLANG_WARN_BLOCK_CAPTURE_AUTORELEASING = YES;
				CLANG_WARN_BOOL_CONVERSION = YES;
				CLANG_WARN_COMMA = YES;
				CLANG_WARN_CONSTANT_CONVERSION = YES;
				CLANG_WARN_DEPRECATED_OBJC_IMPLEMENTATIONS = YES;
				CLANG_WARN_DIRECT_OBJC_ISA_USAGE = YES_ERROR;
				CLANG_WARN_DOCUMENTATION_COMMENTS = YES;
				CLANG_WARN_EMPTY_BODY = YES;
				CLANG_WARN_ENUM_CONVERSION = YES;
				CLANG_WARN_INFINITE_RECURSION = YES;
				CLANG_WARN_INT_CONVERSION = YES;
				CLANG_WARN_NON_LITERAL_NULL_CONVERSION = YES;
				CLANG_WARN_OBJC_IMPLICIT_RETAIN_SELF = YES;
				CLANG_WARN_OBJC_LITERAL_CONVERSION = YES;
				CLANG_WARN_OBJC_ROOT_CLASS = YES_ERROR;
				CLANG_WARN_QUOTED_INCLUDE_IN_FRAMEWORK_HEADER = YES;
				CLANG_WARN_RANGE_LOOP_ANALYSIS = YES;
				CLANG_WARN_STRICT_PROTOTYPES = YES;
				CLANG_WARN_SUSPICIOUS_MOVE = YES;
				CLANG_WARN_UNGUARDED_AVAILABILITY = YES_AGGRESSIVE;
				CLANG_WARN_UNREACHABLE_CODE = YES;
				CLANG_WARN__DUPLICATE_METHOD_MATCH = YES;
				COPY_PHASE_STRIP = NO;
				DEBUG_INFORMATION_FORMAT = dwarf;
				ENABLE_STRICT_OBJC_MSGSEND = YES;
				ENABLE_TESTABILITY = YES;
				GCC_C_LANGUAGE_STANDARD = gnu11;
				GCC_DYNAMIC_NO_PIC = NO;
				GCC_NO_COMMON_BLOCKS = YES;
				GCC_OPTIMIZATION_LEVEL = 0;
				GCC_PREPROCESSOR_DEFINITIONS = (
					"DEBUG=1",
					"$(inherited)",
				);
				GCC_WARN_64_TO_32_BIT_CONVERSION = YES;
				GCC_WARN_ABOUT_RETURN_TYPE = YES_ERROR;
				GCC_WARN_UNDECLARED_SELECTOR = YES;
				GCC_WARN_UNINITIALIZED_AUTOS = YES_AGGRESSIVE;
				GCC_WARN_UNUSED_FUNCTION = YES;
				GCC_WARN_UNUSED_VARIABLE = YES;
				IPHONEOS_DEPLOYMENT_TARGET = 16.0;
				MTL_ENABLE_DEBUG_INFO = INCLUDE_SOURCE;
				MTL_FAST_MATH = YES;
				ONLY_ACTIVE_ARCH = YES;
				SDKROOT = iphoneos;
				SWIFT_ACTIVE_COMPILATION_CONDITIONS = DEBUG;
				SWIFT_OPTIMIZATION_LEVEL = "-Onone";
			};
			name = Debug;
		};
		50E4BD032A3882140055E100 /* Release */ = {
			isa = XCBuildConfiguration;
			buildSettings = {
				ALWAYS_SEARCH_USER_PATHS = NO;
				CLANG_ANALYZER_NONNULL = YES;
				CLANG_ANALYZER_NUMBER_OBJECT_CONVERSION = YES_AGGRESSIVE;
				CLANG_CXX_LANGUAGE_STANDARD = "gnu++20";
				CLANG_ENABLE_MODULES = YES;
				CLANG_ENABLE_OBJC_ARC = YES;
				CLANG_ENABLE_OBJC_WEAK = YES;
				CLANG_WARN_BLOCK_CAPTURE_AUTORELEASING = YES;
				CLANG_WARN_BOOL_CONVERSION = YES;
				CLANG_WARN_COMMA = YES;
				CLANG_WARN_CONSTANT_CONVERSION = YES;
				CLANG_WARN_DEPRECATED_OBJC_IMPLEMENTATIONS = YES;
				CLANG_WARN_DIRECT_OBJC_ISA_USAGE = YES_ERROR;
				CLANG_WARN_DOCUMENTATION_COMMENTS = YES;
				CLANG_WARN_EMPTY_BODY = YES;
				CLANG_WARN_ENUM_CONVERSION = YES;
				CLANG_WARN_INFINITE_RECURSION = YES;
				CLANG_WARN_INT_CONVERSION = YES;
				CLANG_WARN_NON_LITERAL_NULL_CONVERSION = YES;
				CLANG_WARN_OBJC_IMPLICIT_RETAIN_SELF = YES;
				CLANG_WARN_OBJC_LITERAL_CONVERSION = YES;
				CLANG_WARN_OBJC_ROOT_CLASS = YES_ERROR;
				CLANG_WARN_QUOTED_INCLUDE_IN_FRAMEWORK_HEADER = YES;
				CLANG_WARN_RANGE_LOOP_ANALYSIS = YES;
				CLANG_WARN_STRICT_PROTOTYPES = YES;
				CLANG_WARN_SUSPICIOUS_MOVE = YES;
				CLANG_WARN_UNGUARDED_AVAILABILITY = YES_AGGRESSIVE;
				CLANG_WARN_UNREACHABLE_CODE = YES;
				CLANG_WARN__DUPLICATE_METHOD_MATCH = YES;
				COPY_PHASE_STRIP = NO;
				DEBUG_INFORMATION_FORMAT = "dwarf-with-dsym";
				ENABLE_NS_ASSERTIONS = NO;
				ENABLE_STRICT_OBJC_MSGSEND = YES;
				GCC_C_LANGUAGE_STANDARD = gnu11;
				GCC_NO_COMMON_BLOCKS = YES;
				GCC_WARN_64_TO_32_BIT_CONVERSION = YES;
				GCC_WARN_ABOUT_RETURN_TYPE = YES_ERROR;
				GCC_WARN_UNDECLARED_SELECTOR = YES;
				GCC_WARN_UNINITIALIZED_AUTOS = YES_AGGRESSIVE;
				GCC_WARN_UNUSED_FUNCTION = YES;
				GCC_WARN_UNUSED_VARIABLE = YES;
				IPHONEOS_DEPLOYMENT_TARGET = 16.0;
				MTL_ENABLE_DEBUG_INFO = NO;
				MTL_FAST_MATH = YES;
				SDKROOT = iphoneos;
				SWIFT_COMPILATION_MODE = wholemodule;
				SWIFT_OPTIMIZATION_LEVEL = "-O";
				VALIDATE_PRODUCT = YES;
			};
			name = Release;
		};
		50E4BD052A3882140055E100 /* Debug */ = {
			isa = XCBuildConfiguration;
			baseConfigurationReference = 1D98FC682756016EA2A2C5CA /* Pods-Picha.debug.xcconfig */;
			buildSettings = {
				ASSETCATALOG_COMPILER_APPICON_NAME = AppIcon;
				ASSETCATALOG_COMPILER_GLOBAL_ACCENT_COLOR_NAME = AccentColor;
				CODE_SIGN_STYLE = Automatic;
				CURRENT_PROJECT_VERSION = 1;
				DEVELOPMENT_TEAM = 56854DU5TC;
				GENERATE_INFOPLIST_FILE = YES;
				INFOPLIST_FILE = Picha/Info.plist;
				INFOPLIST_KEY_UIApplicationSupportsIndirectInputEvents = YES;
				INFOPLIST_KEY_UILaunchStoryboardName = LaunchScreen;
				INFOPLIST_KEY_UIMainStoryboardFile = Main;
				INFOPLIST_KEY_UISupportedInterfaceOrientations_iPad = "UIInterfaceOrientationPortrait UIInterfaceOrientationPortraitUpsideDown UIInterfaceOrientationLandscapeLeft UIInterfaceOrientationLandscapeRight";
				INFOPLIST_KEY_UISupportedInterfaceOrientations_iPhone = "UIInterfaceOrientationPortrait UIInterfaceOrientationLandscapeLeft UIInterfaceOrientationLandscapeRight";
				LD_RUNPATH_SEARCH_PATHS = (
					"$(inherited)",
					"@executable_path/Frameworks",
				);
				MARKETING_VERSION = 1.0;
				PRODUCT_BUNDLE_IDENTIFIER = com.Internship.Picha;
				PRODUCT_NAME = "$(TARGET_NAME)";
				SWIFT_EMIT_LOC_STRINGS = YES;
				SWIFT_VERSION = 5.0;
				TARGETED_DEVICE_FAMILY = "1,2";
			};
			name = Debug;
		};
		50E4BD062A3882140055E100 /* Release */ = {
			isa = XCBuildConfiguration;
			baseConfigurationReference = 1F4CD3AECFC906F833B31FB8 /* Pods-Picha.release.xcconfig */;
			buildSettings = {
				ASSETCATALOG_COMPILER_APPICON_NAME = AppIcon;
				ASSETCATALOG_COMPILER_GLOBAL_ACCENT_COLOR_NAME = AccentColor;
				CODE_SIGN_STYLE = Automatic;
				CURRENT_PROJECT_VERSION = 1;
				DEVELOPMENT_TEAM = 56854DU5TC;
				GENERATE_INFOPLIST_FILE = YES;
				INFOPLIST_FILE = Picha/Info.plist;
				INFOPLIST_KEY_UIApplicationSupportsIndirectInputEvents = YES;
				INFOPLIST_KEY_UILaunchStoryboardName = LaunchScreen;
				INFOPLIST_KEY_UIMainStoryboardFile = Main;
				INFOPLIST_KEY_UISupportedInterfaceOrientations_iPad = "UIInterfaceOrientationPortrait UIInterfaceOrientationPortraitUpsideDown UIInterfaceOrientationLandscapeLeft UIInterfaceOrientationLandscapeRight";
				INFOPLIST_KEY_UISupportedInterfaceOrientations_iPhone = "UIInterfaceOrientationPortrait UIInterfaceOrientationLandscapeLeft UIInterfaceOrientationLandscapeRight";
				LD_RUNPATH_SEARCH_PATHS = (
					"$(inherited)",
					"@executable_path/Frameworks",
				);
				MARKETING_VERSION = 1.0;
				PRODUCT_BUNDLE_IDENTIFIER = com.Internship.Picha;
				PRODUCT_NAME = "$(TARGET_NAME)";
				SWIFT_EMIT_LOC_STRINGS = YES;
				SWIFT_VERSION = 5.0;
				TARGETED_DEVICE_FAMILY = "1,2";
			};
			name = Release;
		};
		50E4BD082A3882140055E100 /* Debug */ = {
			isa = XCBuildConfiguration;
			baseConfigurationReference = 6ED600E278C6FF4342F6D2E4 /* Pods-PichaTests.debug.xcconfig */;
			buildSettings = {
				ALWAYS_EMBED_SWIFT_STANDARD_LIBRARIES = YES;
				BUNDLE_LOADER = "$(TEST_HOST)";
				CODE_SIGN_STYLE = Automatic;
				CURRENT_PROJECT_VERSION = 1;
				DEVELOPMENT_TEAM = 56854DU5TC;
				GENERATE_INFOPLIST_FILE = YES;
				IPHONEOS_DEPLOYMENT_TARGET = 16.0;
				MARKETING_VERSION = 1.0;
				PRODUCT_BUNDLE_IDENTIFIER = com.Internship.PichaTests;
				PRODUCT_NAME = "$(TARGET_NAME)";
				SWIFT_EMIT_LOC_STRINGS = NO;
				SWIFT_VERSION = 5.0;
				TARGETED_DEVICE_FAMILY = "1,2";
				TEST_HOST = "$(BUILT_PRODUCTS_DIR)/Picha.app/$(BUNDLE_EXECUTABLE_FOLDER_PATH)/Picha";
			};
			name = Debug;
		};
		50E4BD092A3882140055E100 /* Release */ = {
			isa = XCBuildConfiguration;
			baseConfigurationReference = 727A9AE083528B9D8B888F72 /* Pods-PichaTests.release.xcconfig */;
			buildSettings = {
				ALWAYS_EMBED_SWIFT_STANDARD_LIBRARIES = YES;
				BUNDLE_LOADER = "$(TEST_HOST)";
				CODE_SIGN_STYLE = Automatic;
				CURRENT_PROJECT_VERSION = 1;
				DEVELOPMENT_TEAM = 56854DU5TC;
				GENERATE_INFOPLIST_FILE = YES;
				IPHONEOS_DEPLOYMENT_TARGET = 16.0;
				MARKETING_VERSION = 1.0;
				PRODUCT_BUNDLE_IDENTIFIER = com.Internship.PichaTests;
				PRODUCT_NAME = "$(TARGET_NAME)";
				SWIFT_EMIT_LOC_STRINGS = NO;
				SWIFT_VERSION = 5.0;
				TARGETED_DEVICE_FAMILY = "1,2";
				TEST_HOST = "$(BUILT_PRODUCTS_DIR)/Picha.app/$(BUNDLE_EXECUTABLE_FOLDER_PATH)/Picha";
			};
			name = Release;
		};
		50E4BD0B2A3882140055E100 /* Debug */ = {
			isa = XCBuildConfiguration;
			baseConfigurationReference = 85E48AB70052A3310D606EBF /* Pods-Picha-PichaUITests.debug.xcconfig */;
			buildSettings = {
				ALWAYS_EMBED_SWIFT_STANDARD_LIBRARIES = YES;
				CODE_SIGN_STYLE = Automatic;
				CURRENT_PROJECT_VERSION = 1;
				DEVELOPMENT_TEAM = 56854DU5TC;
				GENERATE_INFOPLIST_FILE = YES;
				MARKETING_VERSION = 1.0;
				PRODUCT_BUNDLE_IDENTIFIER = com.Internship.PichaUITests;
				PRODUCT_NAME = "$(TARGET_NAME)";
				SWIFT_EMIT_LOC_STRINGS = NO;
				SWIFT_VERSION = 5.0;
				TARGETED_DEVICE_FAMILY = "1,2";
				TEST_TARGET_NAME = Picha;
			};
			name = Debug;
		};
		50E4BD0C2A3882140055E100 /* Release */ = {
			isa = XCBuildConfiguration;
			baseConfigurationReference = 0CCF3DD900BA31B7C0362D0C /* Pods-Picha-PichaUITests.release.xcconfig */;
			buildSettings = {
				ALWAYS_EMBED_SWIFT_STANDARD_LIBRARIES = YES;
				CODE_SIGN_STYLE = Automatic;
				CURRENT_PROJECT_VERSION = 1;
				DEVELOPMENT_TEAM = 56854DU5TC;
				GENERATE_INFOPLIST_FILE = YES;
				MARKETING_VERSION = 1.0;
				PRODUCT_BUNDLE_IDENTIFIER = com.Internship.PichaUITests;
				PRODUCT_NAME = "$(TARGET_NAME)";
				SWIFT_EMIT_LOC_STRINGS = NO;
				SWIFT_VERSION = 5.0;
				TARGETED_DEVICE_FAMILY = "1,2";
				TEST_TARGET_NAME = Picha;
			};
			name = Release;
		};
/* End XCBuildConfiguration section */

/* Begin XCConfigurationList section */
		50E4BCD22A38820F0055E100 /* Build configuration list for PBXProject "Picha" */ = {
			isa = XCConfigurationList;
			buildConfigurations = (
				50E4BD022A3882140055E100 /* Debug */,
				50E4BD032A3882140055E100 /* Release */,
			);
			defaultConfigurationIsVisible = 0;
			defaultConfigurationName = Release;
		};
		50E4BD042A3882140055E100 /* Build configuration list for PBXNativeTarget "Picha" */ = {
			isa = XCConfigurationList;
			buildConfigurations = (
				50E4BD052A3882140055E100 /* Debug */,
				50E4BD062A3882140055E100 /* Release */,
			);
			defaultConfigurationIsVisible = 0;
			defaultConfigurationName = Release;
		};
		50E4BD072A3882140055E100 /* Build configuration list for PBXNativeTarget "PichaTests" */ = {
			isa = XCConfigurationList;
			buildConfigurations = (
				50E4BD082A3882140055E100 /* Debug */,
				50E4BD092A3882140055E100 /* Release */,
			);
			defaultConfigurationIsVisible = 0;
			defaultConfigurationName = Release;
		};
		50E4BD0A2A3882140055E100 /* Build configuration list for PBXNativeTarget "PichaUITests" */ = {
			isa = XCConfigurationList;
			buildConfigurations = (
				50E4BD0B2A3882140055E100 /* Debug */,
				50E4BD0C2A3882140055E100 /* Release */,
			);
			defaultConfigurationIsVisible = 0;
			defaultConfigurationName = Release;
		};
/* End XCConfigurationList section */

/* Begin XCVersionGroup section */
		50E4BCE32A38820F0055E100 /* Picha.xcdatamodeld */ = {
			isa = XCVersionGroup;
			children = (
				50E4BCE42A38820F0055E100 /* Picha.xcdatamodel */,
			);
			currentVersion = 50E4BCE42A38820F0055E100 /* Picha.xcdatamodel */;
			path = Picha.xcdatamodeld;
			sourceTree = "<group>";
			versionGroupType = wrapper.xcdatamodel;
		};
/* End XCVersionGroup section */
	};
	rootObject = 50E4BCCF2A38820F0055E100 /* Project object */;
}
